
Microsoft Visual Studio Solution File, Format Version 12.00
# Visual Studio Version 16
VisualStudioVersion = 16.0.31229.75
MinimumVisualStudioVersion = 10.0.40219.1
Project("{FAE04EC0-301F-11D3-BF4B-00C04F79EFBC}") = "Lab3.3", "Lab3.3.csproj", "{C62B96F6-8D98-493F-B7C0-1329710554C9}"
EndProject
Global
	GlobalSection(SolutionConfigurationPlatforms) = preSolution
		Debug|Any CPU = Debug|Any CPU
		Release|Any CPU = Release|Any CPU
	EndGlobalSection
	GlobalSection(ProjectConfigurationPlatforms) = postSolution
		{C62B96F6-8D98-493F-B7C0-1329710554C9}.Debug|Any CPU.ActiveCfg = Debug|Any CPU
		{C62B96F6-8D98-493F-B7C0-1329710554C9}.Debug|Any CPU.Build.0 = Debug|Any CPU
		{C62B96F6-8D98-493F-B7C0-1329710554C9}.Release|Any CPU.ActiveCfg = Release|Any CPU
		{C62B96F6-8D98-493F-B7C0-1329710554C9}.Release|Any CPU.Build.0 = Release|Any CPU
	EndGlobalSection
	GlobalSection(SolutionProperties) = preSolution
		HideSolutionNode = FALSE
	EndGlobalSection
	GlobalSection(ExtensibilityGlobals) = postSolution
		SolutionGuid = {FCAB91E9-39AE-4651-81A3-2BC4A58A3C46}
	EndGlobalSection
EndGlobal
