
Microsoft Visual Studio Solution File, Format Version 12.00
# Visual Studio Version 16
VisualStudioVersion = 16.0.31229.75
MinimumVisualStudioVersion = 10.0.40219.1
Project("{FAE04EC0-301F-11D3-BF4B-00C04F79EFBC}") = "Lab4.3", "Lab4.3.csproj", "{9B20A17D-A223-4489-A420-4F0334D21AC8}"
EndProject
Global
	GlobalSection(SolutionConfigurationPlatforms) = preSolution
		Debug|Any CPU = Debug|Any CPU
		Release|Any CPU = Release|Any CPU
	EndGlobalSection
	GlobalSection(ProjectConfigurationPlatforms) = postSolution
		{9B20A17D-A223-4489-A420-4F0334D21AC8}.Debug|Any CPU.ActiveCfg = Debug|Any CPU
		{9B20A17D-A223-4489-A420-4F0334D21AC8}.Debug|Any CPU.Build.0 = Debug|Any CPU
		{9B20A17D-A223-4489-A420-4F0334D21AC8}.Release|Any CPU.ActiveCfg = Release|Any CPU
		{9B20A17D-A223-4489-A420-4F0334D21AC8}.Release|Any CPU.Build.0 = Release|Any CPU
	EndGlobalSection
	GlobalSection(SolutionProperties) = preSolution
		HideSolutionNode = FALSE
	EndGlobalSection
	GlobalSection(ExtensibilityGlobals) = postSolution
		SolutionGuid = {800A4255-214B-447A-B7AA-EA09288B51EB}
	EndGlobalSection
EndGlobal
