
Microsoft Visual Studio Solution File, Format Version 12.00
# Visual Studio Version 16
VisualStudioVersion = 16.0.31229.75
MinimumVisualStudioVersion = 10.0.40219.1
Project("{FAE04EC0-301F-11D3-BF4B-00C04F79EFBC}") = "Lab7.2", "Lab7.2.csproj", "{463B957C-BF62-412D-9AA1-45A4913C085C}"
EndProject
Global
	GlobalSection(SolutionConfigurationPlatforms) = preSolution
		Debug|Any CPU = Debug|Any CPU
		Release|Any CPU = Release|Any CPU
	EndGlobalSection
	GlobalSection(ProjectConfigurationPlatforms) = postSolution
		{463B957C-BF62-412D-9AA1-45A4913C085C}.Debug|Any CPU.ActiveCfg = Debug|Any CPU
		{463B957C-BF62-412D-9AA1-45A4913C085C}.Debug|Any CPU.Build.0 = Debug|Any CPU
		{463B957C-BF62-412D-9AA1-45A4913C085C}.Release|Any CPU.ActiveCfg = Release|Any CPU
		{463B957C-BF62-412D-9AA1-45A4913C085C}.Release|Any CPU.Build.0 = Release|Any CPU
	EndGlobalSection
	GlobalSection(SolutionProperties) = preSolution
		HideSolutionNode = FALSE
	EndGlobalSection
	GlobalSection(ExtensibilityGlobals) = postSolution
		SolutionGuid = {DB9F22B7-6CAB-4304-B102-B2F0228195E7}
	EndGlobalSection
EndGlobal
